
Microsoft Visual Studio Solution File, Format Version 12.00
# Visual Studio Version 17
VisualStudioVersion = 17.5.33424.131
MinimumVisualStudioVersion = 10.0.40219.1
Project("{2150E333-8FDC-42A3-9474-1A3956D46DE8}") = "Solution Items", "Solution Items", "{4B5027F6-0C76-41BA-96B3-E4CFB99AB206}"
	ProjectSection(SolutionItems) = preProject
		global.json = global.json
		..\..\..\..\Users\Admin\Downloads\GiaPhat-Download\Phyth-Architecture.jpg = ..\..\..\..\Users\Admin\Downloads\GiaPhat-Download\Phyth-Architecture.jpg
		README.md = README.md
	EndProjectSection
EndProject
Project("{2150E333-8FDC-42A3-9474-1A3956D46DE8}") = "src", "src", "{3E603852-5575-4DD2-A9FA-40D1F0AD300A}"
	ProjectSection(SolutionItems) = preProject
		src\docker-compose.override.yml = src\docker-compose.override.yml
		src\docker-compose.yml = src\docker-compose.yml
	EndProjectSection
EndProject
Project("{2150E333-8FDC-42A3-9474-1A3956D46DE8}") = "tests", "tests", "{BE9A7513-CB83-428E-BC14-DB53EEEDDF82}"
EndProject
Project("{2150E333-8FDC-42A3-9474-1A3956D46DE8}") = "ApiGateways", "ApiGateways", "{6F1A5CFD-AFDB-4BEC-9B07-D568FB183FD1}"
EndProject
Project("{2150E333-8FDC-42A3-9474-1A3956D46DE8}") = "BuildingBlocks", "BuildingBlocks", "{8274D4FA-E3DE-4FBE-B8BB-0307811938E6}"
EndProject
Project("{2150E333-8FDC-42A3-9474-1A3956D46DE8}") = "Services", "Services", "{75AD1027-8D3D-437C-8442-57F5E4A35CF1}"
EndProject
Project("{2150E333-8FDC-42A3-9474-1A3956D46DE8}") = "WebApps", "WebApps", "{D9252E9B-A9E2-4F23-9CE4-F1019FED4D5B}"
EndProject
Project("{2150E333-8FDC-42A3-9474-1A3956D46DE8}") = "Product", "Product", "{D76E64A6-65E5-47D0-B322-08C8D9552879}"
EndProject
Project("{2150E333-8FDC-42A3-9474-1A3956D46DE8}") = "Customer", "Customer", "{A0BBA1FC-D97F-4872-A3B4-69A749B34192}"
EndProject
Project("{2150E333-8FDC-42A3-9474-1A3956D46DE8}") = "Basket", "Basket", "{1795836C-46DC-4E25-A8AB-3523C197B5CD}"
EndProject
Project("{2150E333-8FDC-42A3-9474-1A3956D46DE8}") = "Ordering", "Ordering", "{9B94B001-F4C3-4B39-BDE4-F5F54E9AB7B9}"
EndProject
Project("{2150E333-8FDC-42A3-9474-1A3956D46DE8}") = "Inventory", "Inventory", "{4938C81D-B996-4176-841A-652C52A7611A}"
EndProject
Project("{2150E333-8FDC-42A3-9474-1A3956D46DE8}") = "Scheduled.Job", "Scheduled.Job", "{270C1732-79D5-4073-BF17-BB66DD63D3EC}"
EndProject
Project("{9A19103F-16F7-4668-BE54-9A1E7A4F7556}") = "Common.Logger", "src\BuildingBlocks\Common.Logger\Common.Logger.csproj", "{6833FBE6-4B0F-48E0-9059-3B088F89AB54}"
EndProject
Project("{9A19103F-16F7-4668-BE54-9A1E7A4F7556}") = "Contracts", "src\BuildingBlocks\Contracts\Contracts.csproj", "{B98FE180-BECA-480F-B8BA-F0DC94997FFE}"
EndProject
Project("{9A19103F-16F7-4668-BE54-9A1E7A4F7556}") = "EventBus.Messages", "src\BuildingBlocks\EventBus.Messages\EventBus.Messages.csproj", "{FE538335-D20B-419B-9B9A-7BFEBAE53917}"
EndProject
Project("{9A19103F-16F7-4668-BE54-9A1E7A4F7556}") = "Infrastructure", "src\BuildingBlocks\Infrastructure\Infrastructure.csproj", "{4AD3D751-31F0-49FE-BEE9-63889F2BD5CD}"
EndProject
Project("{9A19103F-16F7-4668-BE54-9A1E7A4F7556}") = "Shared", "src\BuildingBlocks\Shared\Shared.csproj", "{9F092A77-2D73-4BB4-8E16-2BFBD82386C7}"
EndProject
Project("{9A19103F-16F7-4668-BE54-9A1E7A4F7556}") = "OcelotApiGw", "src\ApiGateways\OcelotApiGw\OcelotApiGw.csproj", "{41E5B112-B802-4D9E-BB4A-1575FB807F9E}"
EndProject
Project("{9A19103F-16F7-4668-BE54-9A1E7A4F7556}") = "Basket.API", "src\Services\Basket\Basket.API\Basket.API.csproj", "{0ED2E545-EF1F-4F20-A3FD-BAA1D9D30861}"
EndProject
Project("{9A19103F-16F7-4668-BE54-9A1E7A4F7556}") = "Customer.API", "src\Services\Customer\Customer.API\Customer.API.csproj", "{5FC9A05B-CF4B-482C-8E9E-6E37464D7D7F}"
EndProject
Project("{9A19103F-16F7-4668-BE54-9A1E7A4F7556}") = "Inventory.Product.API", "src\Services\Inventory\Inventory.Product.API\Inventory.Product.API.csproj", "{FBC432DF-F38E-4701-A100-796959C49543}"
EndProject
Project("{9A19103F-16F7-4668-BE54-9A1E7A4F7556}") = "Ordering.API", "src\Services\Ordering\Ordering.API\Ordering.API.csproj", "{F660BD01-F4ED-445E-A4D1-F6C51EFB5FDB}"
EndProject
Project("{9A19103F-16F7-4668-BE54-9A1E7A4F7556}") = "Product.API", "src\Services\Product\Product.API\Product.API.csproj", "{7E399622-AA0B-47D0-8E37-BE643B4298C2}"
EndProject
Project("{9A19103F-16F7-4668-BE54-9A1E7A4F7556}") = "HangFire", "src\Services\ScheduledJob\HangFire\HangFire.csproj", "{BC8DE784-1DE4-4112-BEAC-A4A2F8A1CEC6}"
EndProject
Project("{9A19103F-16F7-4668-BE54-9A1E7A4F7556}") = "WebHealthStatus", "src\WebApps\WebHealthStatus\WebHealthStatus.csproj", "{687A213E-1801-432F-A716-41404733FCF6}"
EndProject
Global
	GlobalSection(SolutionConfigurationPlatforms) = preSolution
		Debug|Any CPU = Debug|Any CPU
		Release|Any CPU = Release|Any CPU
	EndGlobalSection
	GlobalSection(ProjectConfigurationPlatforms) = postSolution
		{6833FBE6-4B0F-48E0-9059-3B088F89AB54}.Debug|Any CPU.ActiveCfg = Debug|Any CPU
		{6833FBE6-4B0F-48E0-9059-3B088F89AB54}.Debug|Any CPU.Build.0 = Debug|Any CPU
		{6833FBE6-4B0F-48E0-9059-3B088F89AB54}.Release|Any CPU.ActiveCfg = Release|Any CPU
		{6833FBE6-4B0F-48E0-9059-3B088F89AB54}.Release|Any CPU.Build.0 = Release|Any CPU
		{B98FE180-BECA-480F-B8BA-F0DC94997FFE}.Debug|Any CPU.ActiveCfg = Debug|Any CPU
		{B98FE180-BECA-480F-B8BA-F0DC94997FFE}.Debug|Any CPU.Build.0 = Debug|Any CPU
		{B98FE180-BECA-480F-B8BA-F0DC94997FFE}.Release|Any CPU.ActiveCfg = Release|Any CPU
		{B98FE180-BECA-480F-B8BA-F0DC94997FFE}.Release|Any CPU.Build.0 = Release|Any CPU
		{FE538335-D20B-419B-9B9A-7BFEBAE53917}.Debug|Any CPU.ActiveCfg = Debug|Any CPU
		{FE538335-D20B-419B-9B9A-7BFEBAE53917}.Debug|Any CPU.Build.0 = Debug|Any CPU
		{FE538335-D20B-419B-9B9A-7BFEBAE53917}.Release|Any CPU.ActiveCfg = Release|Any CPU
		{FE538335-D20B-419B-9B9A-7BFEBAE53917}.Release|Any CPU.Build.0 = Release|Any CPU
		{4AD3D751-31F0-49FE-BEE9-63889F2BD5CD}.Debug|Any CPU.ActiveCfg = Debug|Any CPU
		{4AD3D751-31F0-49FE-BEE9-63889F2BD5CD}.Debug|Any CPU.Build.0 = Debug|Any CPU
		{4AD3D751-31F0-49FE-BEE9-63889F2BD5CD}.Release|Any CPU.ActiveCfg = Release|Any CPU
		{4AD3D751-31F0-49FE-BEE9-63889F2BD5CD}.Release|Any CPU.Build.0 = Release|Any CPU
		{9F092A77-2D73-4BB4-8E16-2BFBD82386C7}.Debug|Any CPU.ActiveCfg = Debug|Any CPU
		{9F092A77-2D73-4BB4-8E16-2BFBD82386C7}.Debug|Any CPU.Build.0 = Debug|Any CPU
		{9F092A77-2D73-4BB4-8E16-2BFBD82386C7}.Release|Any CPU.ActiveCfg = Release|Any CPU
		{9F092A77-2D73-4BB4-8E16-2BFBD82386C7}.Release|Any CPU.Build.0 = Release|Any CPU
		{41E5B112-B802-4D9E-BB4A-1575FB807F9E}.Debug|Any CPU.ActiveCfg = Debug|Any CPU
		{41E5B112-B802-4D9E-BB4A-1575FB807F9E}.Debug|Any CPU.Build.0 = Debug|Any CPU
		{41E5B112-B802-4D9E-BB4A-1575FB807F9E}.Release|Any CPU.ActiveCfg = Release|Any CPU
		{41E5B112-B802-4D9E-BB4A-1575FB807F9E}.Release|Any CPU.Build.0 = Release|Any CPU
		{0ED2E545-EF1F-4F20-A3FD-BAA1D9D30861}.Debug|Any CPU.ActiveCfg = Debug|Any CPU
		{0ED2E545-EF1F-4F20-A3FD-BAA1D9D30861}.Debug|Any CPU.Build.0 = Debug|Any CPU
		{0ED2E545-EF1F-4F20-A3FD-BAA1D9D30861}.Release|Any CPU.ActiveCfg = Release|Any CPU
		{0ED2E545-EF1F-4F20-A3FD-BAA1D9D30861}.Release|Any CPU.Build.0 = Release|Any CPU
		{5FC9A05B-CF4B-482C-8E9E-6E37464D7D7F}.Debug|Any CPU.ActiveCfg = Debug|Any CPU
		{5FC9A05B-CF4B-482C-8E9E-6E37464D7D7F}.Debug|Any CPU.Build.0 = Debug|Any CPU
		{5FC9A05B-CF4B-482C-8E9E-6E37464D7D7F}.Release|Any CPU.ActiveCfg = Release|Any CPU
		{5FC9A05B-CF4B-482C-8E9E-6E37464D7D7F}.Release|Any CPU.Build.0 = Release|Any CPU
		{FBC432DF-F38E-4701-A100-796959C49543}.Debug|Any CPU.ActiveCfg = Debug|Any CPU
		{FBC432DF-F38E-4701-A100-796959C49543}.Debug|Any CPU.Build.0 = Debug|Any CPU
		{FBC432DF-F38E-4701-A100-796959C49543}.Release|Any CPU.ActiveCfg = Release|Any CPU
		{FBC432DF-F38E-4701-A100-796959C49543}.Release|Any CPU.Build.0 = Release|Any CPU
		{F660BD01-F4ED-445E-A4D1-F6C51EFB5FDB}.Debug|Any CPU.ActiveCfg = Debug|Any CPU
		{F660BD01-F4ED-445E-A4D1-F6C51EFB5FDB}.Debug|Any CPU.Build.0 = Debug|Any CPU
		{F660BD01-F4ED-445E-A4D1-F6C51EFB5FDB}.Release|Any CPU.ActiveCfg = Release|Any CPU
		{F660BD01-F4ED-445E-A4D1-F6C51EFB5FDB}.Release|Any CPU.Build.0 = Release|Any CPU
		{7E399622-AA0B-47D0-8E37-BE643B4298C2}.Debug|Any CPU.ActiveCfg = Debug|Any CPU
		{7E399622-AA0B-47D0-8E37-BE643B4298C2}.Debug|Any CPU.Build.0 = Debug|Any CPU
		{7E399622-AA0B-47D0-8E37-BE643B4298C2}.Release|Any CPU.ActiveCfg = Release|Any CPU
		{7E399622-AA0B-47D0-8E37-BE643B4298C2}.Release|Any CPU.Build.0 = Release|Any CPU
		{BC8DE784-1DE4-4112-BEAC-A4A2F8A1CEC6}.Debug|Any CPU.ActiveCfg = Debug|Any CPU
		{BC8DE784-1DE4-4112-BEAC-A4A2F8A1CEC6}.Debug|Any CPU.Build.0 = Debug|Any CPU
		{BC8DE784-1DE4-4112-BEAC-A4A2F8A1CEC6}.Release|Any CPU.ActiveCfg = Release|Any CPU
		{BC8DE784-1DE4-4112-BEAC-A4A2F8A1CEC6}.Release|Any CPU.Build.0 = Release|Any CPU
		{687A213E-1801-432F-A716-41404733FCF6}.Debug|Any CPU.ActiveCfg = Debug|Any CPU
		{687A213E-1801-432F-A716-41404733FCF6}.Debug|Any CPU.Build.0 = Debug|Any CPU
		{687A213E-1801-432F-A716-41404733FCF6}.Release|Any CPU.ActiveCfg = Release|Any CPU
		{687A213E-1801-432F-A716-41404733FCF6}.Release|Any CPU.Build.0 = Release|Any CPU
	EndGlobalSection
	GlobalSection(SolutionProperties) = preSolution
		HideSolutionNode = FALSE
	EndGlobalSection
	GlobalSection(NestedProjects) = preSolution
		{6F1A5CFD-AFDB-4BEC-9B07-D568FB183FD1} = {3E603852-5575-4DD2-A9FA-40D1F0AD300A}
		{8274D4FA-E3DE-4FBE-B8BB-0307811938E6} = {3E603852-5575-4DD2-A9FA-40D1F0AD300A}
		{75AD1027-8D3D-437C-8442-57F5E4A35CF1} = {3E603852-5575-4DD2-A9FA-40D1F0AD300A}
		{D9252E9B-A9E2-4F23-9CE4-F1019FED4D5B} = {3E603852-5575-4DD2-A9FA-40D1F0AD300A}
		{D76E64A6-65E5-47D0-B322-08C8D9552879} = {75AD1027-8D3D-437C-8442-57F5E4A35CF1}
		{A0BBA1FC-D97F-4872-A3B4-69A749B34192} = {75AD1027-8D3D-437C-8442-57F5E4A35CF1}
		{1795836C-46DC-4E25-A8AB-3523C197B5CD} = {75AD1027-8D3D-437C-8442-57F5E4A35CF1}
		{9B94B001-F4C3-4B39-BDE4-F5F54E9AB7B9} = {75AD1027-8D3D-437C-8442-57F5E4A35CF1}
		{4938C81D-B996-4176-841A-652C52A7611A} = {75AD1027-8D3D-437C-8442-57F5E4A35CF1}
		{270C1732-79D5-4073-BF17-BB66DD63D3EC} = {75AD1027-8D3D-437C-8442-57F5E4A35CF1}
		{6833FBE6-4B0F-48E0-9059-3B088F89AB54} = {8274D4FA-E3DE-4FBE-B8BB-0307811938E6}
		{B98FE180-BECA-480F-B8BA-F0DC94997FFE} = {8274D4FA-E3DE-4FBE-B8BB-0307811938E6}
		{FE538335-D20B-419B-9B9A-7BFEBAE53917} = {8274D4FA-E3DE-4FBE-B8BB-0307811938E6}
		{4AD3D751-31F0-49FE-BEE9-63889F2BD5CD} = {8274D4FA-E3DE-4FBE-B8BB-0307811938E6}
		{9F092A77-2D73-4BB4-8E16-2BFBD82386C7} = {8274D4FA-E3DE-4FBE-B8BB-0307811938E6}
		{41E5B112-B802-4D9E-BB4A-1575FB807F9E} = {6F1A5CFD-AFDB-4BEC-9B07-D568FB183FD1}
		{0ED2E545-EF1F-4F20-A3FD-BAA1D9D30861} = {1795836C-46DC-4E25-A8AB-3523C197B5CD}
		{5FC9A05B-CF4B-482C-8E9E-6E37464D7D7F} = {A0BBA1FC-D97F-4872-A3B4-69A749B34192}
		{FBC432DF-F38E-4701-A100-796959C49543} = {4938C81D-B996-4176-841A-652C52A7611A}
		{F660BD01-F4ED-445E-A4D1-F6C51EFB5FDB} = {9B94B001-F4C3-4B39-BDE4-F5F54E9AB7B9}
		{7E399622-AA0B-47D0-8E37-BE643B4298C2} = {D76E64A6-65E5-47D0-B322-08C8D9552879}
		{BC8DE784-1DE4-4112-BEAC-A4A2F8A1CEC6} = {270C1732-79D5-4073-BF17-BB66DD63D3EC}
		{687A213E-1801-432F-A716-41404733FCF6} = {D9252E9B-A9E2-4F23-9CE4-F1019FED4D5B}
	EndGlobalSection
	GlobalSection(ExtensibilityGlobals) = postSolution
		SolutionGuid = {2EADE7FC-39C2-4DD0-A373-2012D811AB4F}
	EndGlobalSection
EndGlobal
